
Microsoft Visual Studio Solution File, Format Version 12.00
# Visual Studio Version 16
VisualStudioVersion = 16.0.31410.357
MinimumVisualStudioVersion = 10.0.40219.1
Project("{9A19103F-16F7-4668-BE54-9A1E7A4F7556}") = "EntityWorld2", "EntityWorld2\EntityWorld2.csproj", "{91615508-B1A6-45E6-8F3C-C70CE5026647}"
EndProject
Project("{FAE04EC0-301F-11D3-BF4B-00C04F79EFBC}") = "EntityWorld.Library", "EntityWorld.Library\EntityWorld.Library.csproj", "{59B491C3-6C4C-455A-AF85-28FD8E9ADA9C}"
EndProject
Project("{FAE04EC0-301F-11D3-BF4B-00C04F79EFBC}") = "EntityWorld.Library.Tests", "EntityWorld.Library.Tests\EntityWorld.Library.Tests.csproj", "{5BC547DC-DF24-460B-B3F0-AD3A4CDFCFB4}"
EndProject
Project("{FAE04EC0-301F-11D3-BF4B-00C04F79EFBC}") = "EntityWorld.ConsoleHost", "EntityWorld.ConsoleHost\EntityWorld.ConsoleHost.csproj", "{731461E6-2B01-425B-B7BF-CDDAFEC47C17}"
EndProject
Global
	GlobalSection(SolutionConfigurationPlatforms) = preSolution
		Debug|Any CPU = Debug|Any CPU
		Release|Any CPU = Release|Any CPU
	EndGlobalSection
	GlobalSection(ProjectConfigurationPlatforms) = postSolution
		{91615508-B1A6-45E6-8F3C-C70CE5026647}.Debug|Any CPU.ActiveCfg = Debug|Any CPU
		{91615508-B1A6-45E6-8F3C-C70CE5026647}.Debug|Any CPU.Build.0 = Debug|Any CPU
		{91615508-B1A6-45E6-8F3C-C70CE5026647}.Release|Any CPU.ActiveCfg = Release|Any CPU
		{91615508-B1A6-45E6-8F3C-C70CE5026647}.Release|Any CPU.Build.0 = Release|Any CPU
		{59B491C3-6C4C-455A-AF85-28FD8E9ADA9C}.Debug|Any CPU.ActiveCfg = Debug|Any CPU
		{59B491C3-6C4C-455A-AF85-28FD8E9ADA9C}.Debug|Any CPU.Build.0 = Debug|Any CPU
		{59B491C3-6C4C-455A-AF85-28FD8E9ADA9C}.Release|Any CPU.ActiveCfg = Release|Any CPU
		{59B491C3-6C4C-455A-AF85-28FD8E9ADA9C}.Release|Any CPU.Build.0 = Release|Any CPU
		{5BC547DC-DF24-460B-B3F0-AD3A4CDFCFB4}.Debug|Any CPU.ActiveCfg = Debug|Any CPU
		{5BC547DC-DF24-460B-B3F0-AD3A4CDFCFB4}.Debug|Any CPU.Build.0 = Debug|Any CPU
		{5BC547DC-DF24-460B-B3F0-AD3A4CDFCFB4}.Release|Any CPU.ActiveCfg = Release|Any CPU
		{5BC547DC-DF24-460B-B3F0-AD3A4CDFCFB4}.Release|Any CPU.Build.0 = Release|Any CPU
		{731461E6-2B01-425B-B7BF-CDDAFEC47C17}.Debug|Any CPU.ActiveCfg = Debug|Any CPU
		{731461E6-2B01-425B-B7BF-CDDAFEC47C17}.Debug|Any CPU.Build.0 = Debug|Any CPU
		{731461E6-2B01-425B-B7BF-CDDAFEC47C17}.Release|Any CPU.ActiveCfg = Release|Any CPU
		{731461E6-2B01-425B-B7BF-CDDAFEC47C17}.Release|Any CPU.Build.0 = Release|Any CPU
	EndGlobalSection
	GlobalSection(SolutionProperties) = preSolution
		HideSolutionNode = FALSE
	EndGlobalSection
	GlobalSection(ExtensibilityGlobals) = postSolution
		SolutionGuid = {06C05B5C-3826-466C-989A-7859CFA79092}
	EndGlobalSection
EndGlobal
